
Microsoft Visual Studio Solution File, Format Version 12.00
# Visual Studio 15
VisualStudioVersion = 15.0.28307.421
MinimumVisualStudioVersion = 10.0.40219.1
Project("{FAE04EC0-301F-11D3-BF4B-00C04F79EFBC}") = "AuditLogTracking", "AuditLogTracking\AuditLogTracking.csproj", "{B5CC26D6-1B31-402C-AF7F-14157C3691C4}"
EndProject
Project("{FAE04EC0-301F-11D3-BF4B-00C04F79EFBC}") = "AuditLogConsoleApp", "AuditLogConsoleApp\AuditLogConsoleApp.csproj", "{DF6A5827-8839-4313-A722-3C593038CFFF}"
EndProject
Global
	GlobalSection(SolutionConfigurationPlatforms) = preSolution
		Debug|Any CPU = Debug|Any CPU
		Release|Any CPU = Release|Any CPU
	EndGlobalSection
	GlobalSection(ProjectConfigurationPlatforms) = postSolution
		{B5CC26D6-1B31-402C-AF7F-14157C3691C4}.Debug|Any CPU.ActiveCfg = Debug|Any CPU
		{B5CC26D6-1B31-402C-AF7F-14157C3691C4}.Debug|Any CPU.Build.0 = Debug|Any CPU
		{B5CC26D6-1B31-402C-AF7F-14157C3691C4}.Release|Any CPU.ActiveCfg = Release|Any CPU
		{B5CC26D6-1B31-402C-AF7F-14157C3691C4}.Release|Any CPU.Build.0 = Release|Any CPU
		{DF6A5827-8839-4313-A722-3C593038CFFF}.Debug|Any CPU.ActiveCfg = Debug|Any CPU
		{DF6A5827-8839-4313-A722-3C593038CFFF}.Debug|Any CPU.Build.0 = Debug|Any CPU
		{DF6A5827-8839-4313-A722-3C593038CFFF}.Release|Any CPU.ActiveCfg = Release|Any CPU
		{DF6A5827-8839-4313-A722-3C593038CFFF}.Release|Any CPU.Build.0 = Release|Any CPU
	EndGlobalSection
	GlobalSection(SolutionProperties) = preSolution
		HideSolutionNode = FALSE
	EndGlobalSection
	GlobalSection(ExtensibilityGlobals) = postSolution
		SolutionGuid = {473283CE-3B36-44C3-B987-F60DCAC89952}
	EndGlobalSection
EndGlobal
